// !$*UTF8*$!
{
	archiveVersion = 1;
	classes = {
	};
	objectVersion = 56;
	objects = {

/* Begin PBXBuildFile section */
		FA60524C2A5D742100B02BA7 /* AppDelegate.swift in Sources */ = {isa = PBXBuildFile; fileRef = FA60524B2A5D742100B02BA7 /* AppDelegate.swift */; };
		FA60524E2A5D742100B02BA7 /* SceneDelegate.swift in Sources */ = {isa = PBXBuildFile; fileRef = FA60524D2A5D742100B02BA7 /* SceneDelegate.swift */; };
		FA6052502A5D742100B02BA7 /* ViewController.swift in Sources */ = {isa = PBXBuildFile; fileRef = FA60524F2A5D742100B02BA7 /* ViewController.swift */; };
		FA6052552A5D742300B02BA7 /* Assets.xcassets in Resources */ = {isa = PBXBuildFile; fileRef = FA6052542A5D742300B02BA7 /* Assets.xcassets */; };
		FA6052582A5D742300B02BA7 /* LaunchScreen.storyboard in Resources */ = {isa = PBXBuildFile; fileRef = FA6052562A5D742300B02BA7 /* LaunchScreen.storyboard */; };
		FA6052632A5D742300B02BA7 /* CodeTestTests.swift in Sources */ = {isa = PBXBuildFile; fileRef = FA6052622A5D742300B02BA7 /* CodeTestTests.swift */; };
		FA60526D2A5D742300B02BA7 /* CodeTestUITests.swift in Sources */ = {isa = PBXBuildFile; fileRef = FA60526C2A5D742300B02BA7 /* CodeTestUITests.swift */; };
		FA60526F2A5D742300B02BA7 /* CodeTestUITestsLaunchTests.swift in Sources */ = {isa = PBXBuildFile; fileRef = FA60526E2A5D742300B02BA7 /* CodeTestUITestsLaunchTests.swift */; };
		FA60527C2A5E42C800B02BA7 /* TabbarItem.swift in Sources */ = {isa = PBXBuildFile; fileRef = FA60527B2A5E42C800B02BA7 /* TabbarItem.swift */; };
		FA60527F2A5E47E000B02BA7 /* SnapKit in Frameworks */ = {isa = PBXBuildFile; productRef = FA60527E2A5E47E000B02BA7 /* SnapKit */; };
		FA6052832A5E4A1800B02BA7 /* HomeViewController.swift in Sources */ = {isa = PBXBuildFile; fileRef = FA6052822A5E4A1800B02BA7 /* HomeViewController.swift */; };
		FA6052852A5E4A6600B02BA7 /* FavoriteViewController.swift in Sources */ = {isa = PBXBuildFile; fileRef = FA6052842A5E4A6600B02BA7 /* FavoriteViewController.swift */; };
		FA6052872A5E4A8E00B02BA7 /* BaseViewController.swift in Sources */ = {isa = PBXBuildFile; fileRef = FA6052862A5E4A8E00B02BA7 /* BaseViewController.swift */; };
		FA6052972A5E846500B02BA7 /* RxCocoa in Frameworks */ = {isa = PBXBuildFile; productRef = FA6052962A5E846500B02BA7 /* RxCocoa */; };
		FA6052992A5E846500B02BA7 /* RxSwift in Frameworks */ = {isa = PBXBuildFile; productRef = FA6052982A5E846500B02BA7 /* RxSwift */; };
		FA60529B2A5E854D00B02BA7 /* Color+Extension.swift in Sources */ = {isa = PBXBuildFile; fileRef = FA60529A2A5E854D00B02BA7 /* Color+Extension.swift */; };
		FA60529D2A5E885F00B02BA7 /* TopSearchBar.swift in Sources */ = {isa = PBXBuildFile; fileRef = FA60529C2A5E885F00B02BA7 /* TopSearchBar.swift */; };
		FA60529F2A5E88EE00B02BA7 /* Image+Extension.swift in Sources */ = {isa = PBXBuildFile; fileRef = FA60529E2A5E88EE00B02BA7 /* Image+Extension.swift */; };
		FA6052A12A5E8AA000B02BA7 /* MusicCell.swift in Sources */ = {isa = PBXBuildFile; fileRef = FA6052A02A5E8AA000B02BA7 /* MusicCell.swift */; };
		FADCB91C2A5E909E00787525 /* BaseViewModel.swift in Sources */ = {isa = PBXBuildFile; fileRef = FADCB91B2A5E909E00787525 /* BaseViewModel.swift */; };
		FADCB91F2A5E914200787525 /* ProgressHUD in Frameworks */ = {isa = PBXBuildFile; productRef = FADCB91E2A5E914200787525 /* ProgressHUD */; };
		FADCB9212A5E91F900787525 /* HomeViewModel.swift in Sources */ = {isa = PBXBuildFile; fileRef = FADCB9202A5E91F900787525 /* HomeViewModel.swift */; };
		FADCB9232A5E941300787525 /* MusicModel.swift in Sources */ = {isa = PBXBuildFile; fileRef = FADCB9222A5E941300787525 /* MusicModel.swift */; };
		FADCB9252A5E94A400787525 /* Resource.swift in Sources */ = {isa = PBXBuildFile; fileRef = FADCB9242A5E94A400787525 /* Resource.swift */; };
		FADCB9282A5E9BF600787525 /* MJRefresh in Frameworks */ = {isa = PBXBuildFile; productRef = FADCB9272A5E9BF600787525 /* MJRefresh */; };
		FADCB92B2A5EB17C00787525 /* Alamofire in Frameworks */ = {isa = PBXBuildFile; productRef = FADCB92A2A5EB17C00787525 /* Alamofire */; };
		FADCB92E2A5EF69C00787525 /* Kingfisher in Frameworks */ = {isa = PBXBuildFile; productRef = FADCB92D2A5EF69C00787525 /* Kingfisher */; };
		FADCB9312A5F092200787525 /* RxGesture in Frameworks */ = {isa = PBXBuildFile; productRef = FADCB9302A5F092200787525 /* RxGesture */; };
		FADCB9372A5F17DE00787525 /* Localizable.strings in Resources */ = {isa = PBXBuildFile; fileRef = FADCB9392A5F17DE00787525 /* Localizable.strings */; };
/* End PBXBuildFile section */

/* Begin PBXContainerItemProxy section */
		FA60525F2A5D742300B02BA7 /* PBXContainerItemProxy */ = {
			isa = PBXContainerItemProxy;
			containerPortal = FA6052402A5D742100B02BA7 /* Project object */;
			proxyType = 1;
			remoteGlobalIDString = FA6052472A5D742100B02BA7;
			remoteInfo = CodeTest;
		};
		FA6052692A5D742300B02BA7 /* PBXContainerItemProxy */ = {
			isa = PBXContainerItemProxy;
			containerPortal = FA6052402A5D742100B02BA7 /* Project object */;
			proxyType = 1;
			remoteGlobalIDString = FA6052472A5D742100B02BA7;
			remoteInfo = CodeTest;
		};
/* End PBXContainerItemProxy section */

/* Begin PBXFileReference section */
		FA6052482A5D742100B02BA7 /* CodeTest.app */ = {isa = PBXFileReference; explicitFileType = wrapper.application; includeInIndex = 0; path = CodeTest.app; sourceTree = BUILT_PRODUCTS_DIR; };
		FA60524B2A5D742100B02BA7 /* AppDelegate.swift */ = {isa = PBXFileReference; lastKnownFileType = sourcecode.swift; path = AppDelegate.swift; sourceTree = "<group>"; };
		FA60524D2A5D742100B02BA7 /* SceneDelegate.swift */ = {isa = PBXFileReference; lastKnownFileType = sourcecode.swift; path = SceneDelegate.swift; sourceTree = "<group>"; };
		FA60524F2A5D742100B02BA7 /* ViewController.swift */ = {isa = PBXFileReference; lastKnownFileType = sourcecode.swift; path = ViewController.swift; sourceTree = "<group>"; };
		FA6052542A5D742300B02BA7 /* Assets.xcassets */ = {isa = PBXFileReference; lastKnownFileType = folder.assetcatalog; path = Assets.xcassets; sourceTree = "<group>"; };
		FA6052572A5D742300B02BA7 /* Base */ = {isa = PBXFileReference; lastKnownFileType = file.storyboard; name = Base; path = Base.lproj/LaunchScreen.storyboard; sourceTree = "<group>"; };
		FA6052592A5D742300B02BA7 /* Info.plist */ = {isa = PBXFileReference; lastKnownFileType = text.plist.xml; path = Info.plist; sourceTree = "<group>"; };
		FA60525E2A5D742300B02BA7 /* CodeTestTests.xctest */ = {isa = PBXFileReference; explicitFileType = wrapper.cfbundle; includeInIndex = 0; path = CodeTestTests.xctest; sourceTree = BUILT_PRODUCTS_DIR; };
		FA6052622A5D742300B02BA7 /* CodeTestTests.swift */ = {isa = PBXFileReference; lastKnownFileType = sourcecode.swift; path = CodeTestTests.swift; sourceTree = "<group>"; };
		FA6052682A5D742300B02BA7 /* CodeTestUITests.xctest */ = {isa = PBXFileReference; explicitFileType = wrapper.cfbundle; includeInIndex = 0; path = CodeTestUITests.xctest; sourceTree = BUILT_PRODUCTS_DIR; };
		FA60526C2A5D742300B02BA7 /* CodeTestUITests.swift */ = {isa = PBXFileReference; lastKnownFileType = sourcecode.swift; path = CodeTestUITests.swift; sourceTree = "<group>"; };
		FA60526E2A5D742300B02BA7 /* CodeTestUITestsLaunchTests.swift */ = {isa = PBXFileReference; lastKnownFileType = sourcecode.swift; path = CodeTestUITestsLaunchTests.swift; sourceTree = "<group>"; };
		FA60527B2A5E42C800B02BA7 /* TabbarItem.swift */ = {isa = PBXFileReference; lastKnownFileType = sourcecode.swift; path = TabbarItem.swift; sourceTree = "<group>"; };
		FA6052822A5E4A1800B02BA7 /* HomeViewController.swift */ = {isa = PBXFileReference; lastKnownFileType = sourcecode.swift; path = HomeViewController.swift; sourceTree = "<group>"; };
		FA6052842A5E4A6600B02BA7 /* FavoriteViewController.swift */ = {isa = PBXFileReference; lastKnownFileType = sourcecode.swift; path = FavoriteViewController.swift; sourceTree = "<group>"; };
		FA6052862A5E4A8E00B02BA7 /* BaseViewController.swift */ = {isa = PBXFileReference; lastKnownFileType = sourcecode.swift; path = BaseViewController.swift; sourceTree = "<group>"; };
		FA60529A2A5E854D00B02BA7 /* Color+Extension.swift */ = {isa = PBXFileReference; lastKnownFileType = sourcecode.swift; path = "Color+Extension.swift"; sourceTree = "<group>"; };
		FA60529C2A5E885F00B02BA7 /* TopSearchBar.swift */ = {isa = PBXFileReference; lastKnownFileType = sourcecode.swift; path = TopSearchBar.swift; sourceTree = "<group>"; };
		FA60529E2A5E88EE00B02BA7 /* Image+Extension.swift */ = {isa = PBXFileReference; lastKnownFileType = sourcecode.swift; path = "Image+Extension.swift"; sourceTree = "<group>"; };
		FA6052A02A5E8AA000B02BA7 /* MusicCell.swift */ = {isa = PBXFileReference; lastKnownFileType = sourcecode.swift; path = MusicCell.swift; sourceTree = "<group>"; };
		FADCB91B2A5E909E00787525 /* BaseViewModel.swift */ = {isa = PBXFileReference; lastKnownFileType = sourcecode.swift; path = BaseViewModel.swift; sourceTree = "<group>"; };
		FADCB9202A5E91F900787525 /* HomeViewModel.swift */ = {isa = PBXFileReference; lastKnownFileType = sourcecode.swift; path = HomeViewModel.swift; sourceTree = "<group>"; };
		FADCB9222A5E941300787525 /* MusicModel.swift */ = {isa = PBXFileReference; lastKnownFileType = sourcecode.swift; path = MusicModel.swift; sourceTree = "<group>"; };
		FADCB9242A5E94A400787525 /* Resource.swift */ = {isa = PBXFileReference; lastKnownFileType = sourcecode.swift; path = Resource.swift; sourceTree = "<group>"; };
		FADCB9322A5F165300787525 /* zh-HK */ = {isa = PBXFileReference; lastKnownFileType = text.plist.strings; name = "zh-HK"; path = "zh-HK.lproj/LaunchScreen.strings"; sourceTree = "<group>"; };
		FADCB9332A5F165B00787525 /* zh-Hans */ = {isa = PBXFileReference; lastKnownFileType = text.plist.strings; name = "zh-Hans"; path = "zh-Hans.lproj/LaunchScreen.strings"; sourceTree = "<group>"; };
		FADCB9342A5F169500787525 /* en-AU */ = {isa = PBXFileReference; lastKnownFileType = text.plist.strings; name = "en-AU"; path = "en-AU.lproj/LaunchScreen.strings"; sourceTree = "<group>"; };
		FADCB9382A5F17DE00787525 /* zh-HK */ = {isa = PBXFileReference; lastKnownFileType = text.plist.strings; name = "zh-HK"; path = "zh-HK.lproj/Localizable.strings"; sourceTree = "<group>"; };
		FADCB93A2A5F17E700787525 /* en */ = {isa = PBXFileReference; lastKnownFileType = text.plist.strings; name = en; path = en.lproj/Localizable.strings; sourceTree = "<group>"; };
		FADCB93B2A5F17E800787525 /* zh-Hans */ = {isa = PBXFileReference; lastKnownFileType = text.plist.strings; name = "zh-Hans"; path = "zh-Hans.lproj/Localizable.strings"; sourceTree = "<group>"; };
		FADCB93C2A5F17E900787525 /* en-AU */ = {isa = PBXFileReference; lastKnownFileType = text.plist.strings; name = "en-AU"; path = "en-AU.lproj/Localizable.strings"; sourceTree = "<group>"; };
/* End PBXFileReference section */

/* Begin PBXFrameworksBuildPhase section */
		FA6052452A5D742100B02BA7 /* Frameworks */ = {
			isa = PBXFrameworksBuildPhase;
			buildActionMask = 2147483647;
			files = (
				FADCB9282A5E9BF600787525 /* MJRefresh in Frameworks */,
				FA6052992A5E846500B02BA7 /* RxSwift in Frameworks */,
				FADCB9312A5F092200787525 /* RxGesture in Frameworks */,
				FADCB92E2A5EF69C00787525 /* Kingfisher in Frameworks */,
				FADCB91F2A5E914200787525 /* ProgressHUD in Frameworks */,
				FADCB92B2A5EB17C00787525 /* Alamofire in Frameworks */,
				FA6052972A5E846500B02BA7 /* RxCocoa in Frameworks */,
				FA60527F2A5E47E000B02BA7 /* SnapKit in Frameworks */,
			);
			runOnlyForDeploymentPostprocessing = 0;
		};
		FA60525B2A5D742300B02BA7 /* Frameworks */ = {
			isa = PBXFrameworksBuildPhase;
			buildActionMask = 2147483647;
			files = (
			);
			runOnlyForDeploymentPostprocessing = 0;
		};
		FA6052652A5D742300B02BA7 /* Frameworks */ = {
			isa = PBXFrameworksBuildPhase;
			buildActionMask = 2147483647;
			files = (
			);
			runOnlyForDeploymentPostprocessing = 0;
		};
/* End PBXFrameworksBuildPhase section */

/* Begin PBXGroup section */
		FA60523F2A5D742100B02BA7 = {
			isa = PBXGroup;
			children = (
				FA60524A2A5D742100B02BA7 /* CodeTest */,
				FA6052612A5D742300B02BA7 /* CodeTestTests */,
				FA60526B2A5D742300B02BA7 /* CodeTestUITests */,
				FA6052492A5D742100B02BA7 /* Products */,
			);
			sourceTree = "<group>";
		};
		FA6052492A5D742100B02BA7 /* Products */ = {
			isa = PBXGroup;
			children = (
				FA6052482A5D742100B02BA7 /* CodeTest.app */,
				FA60525E2A5D742300B02BA7 /* CodeTestTests.xctest */,
				FA6052682A5D742300B02BA7 /* CodeTestUITests.xctest */,
			);
			name = Products;
			sourceTree = "<group>";
		};
		FA60524A2A5D742100B02BA7 /* CodeTest */ = {
			isa = PBXGroup;
			children = (
				FA60528A2A5E81F000B02BA7 /* Common */,
				FA6052882A5E81B200B02BA7 /* Home */,
				FA6052892A5E81BB00B02BA7 /* Favorite */,
				FA60524D2A5D742100B02BA7 /* SceneDelegate.swift */,
				FA60524F2A5D742100B02BA7 /* ViewController.swift */,
				FA60524B2A5D742100B02BA7 /* AppDelegate.swift */,
				FA6052542A5D742300B02BA7 /* Assets.xcassets */,
				FA6052562A5D742300B02BA7 /* LaunchScreen.storyboard */,
				FA6052592A5D742300B02BA7 /* Info.plist */,
				FADCB9392A5F17DE00787525 /* Localizable.strings */,
			);
			path = CodeTest;
			sourceTree = "<group>";
		};
		FA6052612A5D742300B02BA7 /* CodeTestTests */ = {
			isa = PBXGroup;
			children = (
				FA6052622A5D742300B02BA7 /* CodeTestTests.swift */,
			);
			path = CodeTestTests;
			sourceTree = "<group>";
		};
		FA60526B2A5D742300B02BA7 /* CodeTestUITests */ = {
			isa = PBXGroup;
			children = (
				FA60526C2A5D742300B02BA7 /* CodeTestUITests.swift */,
				FA60526E2A5D742300B02BA7 /* CodeTestUITestsLaunchTests.swift */,
			);
			path = CodeTestUITests;
			sourceTree = "<group>";
		};
		FA6052882A5E81B200B02BA7 /* Home */ = {
			isa = PBXGroup;
			children = (
				FA6052902A5E826200B02BA7 /* View */,
				FA60528F2A5E825500B02BA7 /* ViewModel */,
				FA6052822A5E4A1800B02BA7 /* HomeViewController.swift */,
			);
			path = Home;
			sourceTree = "<group>";
		};
		FA6052892A5E81BB00B02BA7 /* Favorite */ = {
			isa = PBXGroup;
			children = (
				FA6052942A5E82B600B02BA7 /* ViewModel */,
				FA6052932A5E82AD00B02BA7 /* View */,
				FA6052842A5E4A6600B02BA7 /* FavoriteViewController.swift */,
			);
			path = Favorite;
			sourceTree = "<group>";
		};
		FA60528A2A5E81F000B02BA7 /* Common */ = {
			isa = PBXGroup;
			children = (
				FA6052912A5E828800B02BA7 /* Model */,
				FA60528E2A5E824400B02BA7 /* Tool */,
				FA60528D2A5E822A00B02BA7 /* ViewController */,
				FA60528B2A5E820E00B02BA7 /* View */,
			);
			path = Common;
			sourceTree = "<group>";
		};
		FA60528B2A5E820E00B02BA7 /* View */ = {
			isa = PBXGroup;
			children = (
				FA60527B2A5E42C800B02BA7 /* TabbarItem.swift */,
			);
			path = View;
			sourceTree = "<group>";
		};
		FA60528D2A5E822A00B02BA7 /* ViewController */ = {
			isa = PBXGroup;
			children = (
				FA6052862A5E4A8E00B02BA7 /* BaseViewController.swift */,
			);
			path = ViewController;
			sourceTree = "<group>";
		};
		FA60528E2A5E824400B02BA7 /* Tool */ = {
			isa = PBXGroup;
			children = (
				FADCB9242A5E94A400787525 /* Resource.swift */,
				FA60529A2A5E854D00B02BA7 /* Color+Extension.swift */,
				FA60529E2A5E88EE00B02BA7 /* Image+Extension.swift */,
			);
			path = Tool;
			sourceTree = "<group>";
		};
		FA60528F2A5E825500B02BA7 /* ViewModel */ = {
			isa = PBXGroup;
			children = (
				FADCB9202A5E91F900787525 /* HomeViewModel.swift */,
			);
			path = ViewModel;
			sourceTree = "<group>";
		};
		FA6052902A5E826200B02BA7 /* View */ = {
			isa = PBXGroup;
			children = (
				FA60529C2A5E885F00B02BA7 /* TopSearchBar.swift */,
				FA6052A02A5E8AA000B02BA7 /* MusicCell.swift */,
			);
			path = View;
			sourceTree = "<group>";
		};
		FA6052912A5E828800B02BA7 /* Model */ = {
			isa = PBXGroup;
			children = (
				FADCB91B2A5E909E00787525 /* BaseViewModel.swift */,
				FADCB9222A5E941300787525 /* MusicModel.swift */,
			);
			path = Model;
			sourceTree = "<group>";
		};
		FA6052932A5E82AD00B02BA7 /* View */ = {
			isa = PBXGroup;
			children = (
			);
			path = View;
			sourceTree = "<group>";
		};
		FA6052942A5E82B600B02BA7 /* ViewModel */ = {
			isa = PBXGroup;
			children = (
			);
			path = ViewModel;
			sourceTree = "<group>";
		};
/* End PBXGroup section */

/* Begin PBXNativeTarget section */
		FA6052472A5D742100B02BA7 /* CodeTest */ = {
			isa = PBXNativeTarget;
			buildConfigurationList = FA6052722A5D742300B02BA7 /* Build configuration list for PBXNativeTarget "CodeTest" */;
			buildPhases = (
				FA6052442A5D742100B02BA7 /* Sources */,
				FA6052452A5D742100B02BA7 /* Frameworks */,
				FA6052462A5D742100B02BA7 /* Resources */,
			);
			buildRules = (
			);
			dependencies = (
			);
			name = CodeTest;
			packageProductDependencies = (
				FA60527E2A5E47E000B02BA7 /* SnapKit */,
				FA6052962A5E846500B02BA7 /* RxCocoa */,
				FA6052982A5E846500B02BA7 /* RxSwift */,
				FADCB91E2A5E914200787525 /* ProgressHUD */,
				FADCB9272A5E9BF600787525 /* MJRefresh */,
				FADCB92A2A5EB17C00787525 /* Alamofire */,
				FADCB92D2A5EF69C00787525 /* Kingfisher */,
				FADCB9302A5F092200787525 /* RxGesture */,
			);
			productName = CodeTest;
			productReference = FA6052482A5D742100B02BA7 /* CodeTest.app */;
			productType = "com.apple.product-type.application";
		};
		FA60525D2A5D742300B02BA7 /* CodeTestTests */ = {
			isa = PBXNativeTarget;
			buildConfigurationList = FA6052752A5D742300B02BA7 /* Build configuration list for PBXNativeTarget "CodeTestTests" */;
			buildPhases = (
				FA60525A2A5D742300B02BA7 /* Sources */,
				FA60525B2A5D742300B02BA7 /* Frameworks */,
				FA60525C2A5D742300B02BA7 /* Resources */,
			);
			buildRules = (
			);
			dependencies = (
				FA6052602A5D742300B02BA7 /* PBXTargetDependency */,
			);
			name = CodeTestTests;
			productName = CodeTestTests;
			productReference = FA60525E2A5D742300B02BA7 /* CodeTestTests.xctest */;
			productType = "com.apple.product-type.bundle.unit-test";
		};
		FA6052672A5D742300B02BA7 /* CodeTestUITests */ = {
			isa = PBXNativeTarget;
			buildConfigurationList = FA6052782A5D742300B02BA7 /* Build configuration list for PBXNativeTarget "CodeTestUITests" */;
			buildPhases = (
				FA6052642A5D742300B02BA7 /* Sources */,
				FA6052652A5D742300B02BA7 /* Frameworks */,
				FA6052662A5D742300B02BA7 /* Resources */,
			);
			buildRules = (
			);
			dependencies = (
				FA60526A2A5D742300B02BA7 /* PBXTargetDependency */,
			);
			name = CodeTestUITests;
			productName = CodeTestUITests;
			productReference = FA6052682A5D742300B02BA7 /* CodeTestUITests.xctest */;
			productType = "com.apple.product-type.bundle.ui-testing";
		};
/* End PBXNativeTarget section */

/* Begin PBXProject section */
		FA6052402A5D742100B02BA7 /* Project object */ = {
			isa = PBXProject;
			attributes = {
				BuildIndependentTargetsInParallel = 1;
				LastSwiftUpdateCheck = 1420;
				LastUpgradeCheck = 1420;
				TargetAttributes = {
					FA6052472A5D742100B02BA7 = {
						CreatedOnToolsVersion = 14.2;
					};
					FA60525D2A5D742300B02BA7 = {
						CreatedOnToolsVersion = 14.2;
						TestTargetID = FA6052472A5D742100B02BA7;
					};
					FA6052672A5D742300B02BA7 = {
						CreatedOnToolsVersion = 14.2;
						TestTargetID = FA6052472A5D742100B02BA7;
					};
				};
			};
			buildConfigurationList = FA6052432A5D742100B02BA7 /* Build configuration list for PBXProject "CodeTest" */;
			compatibilityVersion = "Xcode 14.0";
			developmentRegion = en;
			hasScannedForEncodings = 0;
			knownRegions = (
				en,
				Base,
				"zh-HK",
				"zh-Hans",
				"en-AU",
			);
			mainGroup = FA60523F2A5D742100B02BA7;
			packageReferences = (
				FA60527D2A5E47E000B02BA7 /* XCRemoteSwiftPackageReference "SnapKit" */,
				FA6052952A5E846500B02BA7 /* XCRemoteSwiftPackageReference "RxSwift" */,
				FADCB91D2A5E914200787525 /* XCRemoteSwiftPackageReference "ProgressHUD" */,
				FADCB9262A5E9BF600787525 /* XCRemoteSwiftPackageReference "MJRefresh" */,
				FADCB9292A5EB17C00787525 /* XCRemoteSwiftPackageReference "Alamofire" */,
				FADCB92C2A5EF69C00787525 /* XCRemoteSwiftPackageReference "Kingfisher" */,
				FADCB92F2A5F092200787525 /* XCRemoteSwiftPackageReference "RxGesture" */,
			);
			productRefGroup = FA6052492A5D742100B02BA7 /* Products */;
			projectDirPath = "";
			projectRoot = "";
			targets = (
				FA6052472A5D742100B02BA7 /* CodeTest */,
				FA60525D2A5D742300B02BA7 /* CodeTestTests */,
				FA6052672A5D742300B02BA7 /* CodeTestUITests */,
			);
		};
/* End PBXProject section */

/* Begin PBXResourcesBuildPhase section */
		FA6052462A5D742100B02BA7 /* Resources */ = {
			isa = PBXResourcesBuildPhase;
			buildActionMask = 2147483647;
			files = (
				FA6052582A5D742300B02BA7 /* LaunchScreen.storyboard in Resources */,
				FADCB9372A5F17DE00787525 /* Localizable.strings in Resources */,
				FA6052552A5D742300B02BA7 /* Assets.xcassets in Resources */,
			);
			runOnlyForDeploymentPostprocessing = 0;
		};
		FA60525C2A5D742300B02BA7 /* Resources */ = {
			isa = PBXResourcesBuildPhase;
			buildActionMask = 2147483647;
			files = (
			);
			runOnlyForDeploymentPostprocessing = 0;
		};
		FA6052662A5D742300B02BA7 /* Resources */ = {
			isa = PBXResourcesBuildPhase;
			buildActionMask = 2147483647;
			files = (
			);
			runOnlyForDeploymentPostprocessing = 0;
		};
/* End PBXResourcesBuildPhase section */

/* Begin PBXSourcesBuildPhase section */
		FA6052442A5D742100B02BA7 /* Sources */ = {
			isa = PBXSourcesBuildPhase;
			buildActionMask = 2147483647;
			files = (
				FA60529B2A5E854D00B02BA7 /* Color+Extension.swift in Sources */,
				FADCB9232A5E941300787525 /* MusicModel.swift in Sources */,
				FA6052832A5E4A1800B02BA7 /* HomeViewController.swift in Sources */,
				FADCB9252A5E94A400787525 /* Resource.swift in Sources */,
				FA6052502A5D742100B02BA7 /* ViewController.swift in Sources */,
				FA60524C2A5D742100B02BA7 /* AppDelegate.swift in Sources */,
				FA60527C2A5E42C800B02BA7 /* TabbarItem.swift in Sources */,
				FADCB91C2A5E909E00787525 /* BaseViewModel.swift in Sources */,
				FA60529F2A5E88EE00B02BA7 /* Image+Extension.swift in Sources */,
				FA6052852A5E4A6600B02BA7 /* FavoriteViewController.swift in Sources */,
				FADCB9212A5E91F900787525 /* HomeViewModel.swift in Sources */,
				FA6052A12A5E8AA000B02BA7 /* MusicCell.swift in Sources */,
				FA60529D2A5E885F00B02BA7 /* TopSearchBar.swift in Sources */,
				FA6052872A5E4A8E00B02BA7 /* BaseViewController.swift in Sources */,
				FA60524E2A5D742100B02BA7 /* SceneDelegate.swift in Sources */,
			);
			runOnlyForDeploymentPostprocessing = 0;
		};
		FA60525A2A5D742300B02BA7 /* Sources */ = {
			isa = PBXSourcesBuildPhase;
			buildActionMask = 2147483647;
			files = (
				FA6052632A5D742300B02BA7 /* CodeTestTests.swift in Sources */,
			);
			runOnlyForDeploymentPostprocessing = 0;
		};
		FA6052642A5D742300B02BA7 /* Sources */ = {
			isa = PBXSourcesBuildPhase;
			buildActionMask = 2147483647;
			files = (
				FA60526F2A5D742300B02BA7 /* CodeTestUITestsLaunchTests.swift in Sources */,
				FA60526D2A5D742300B02BA7 /* CodeTestUITests.swift in Sources */,
			);
			runOnlyForDeploymentPostprocessing = 0;
		};
/* End PBXSourcesBuildPhase section */

/* Begin PBXTargetDependency section */
		FA6052602A5D742300B02BA7 /* PBXTargetDependency */ = {
			isa = PBXTargetDependency;
			target = FA6052472A5D742100B02BA7 /* CodeTest */;
			targetProxy = FA60525F2A5D742300B02BA7 /* PBXContainerItemProxy */;
		};
		FA60526A2A5D742300B02BA7 /* PBXTargetDependency */ = {
			isa = PBXTargetDependency;
			target = FA6052472A5D742100B02BA7 /* CodeTest */;
			targetProxy = FA6052692A5D742300B02BA7 /* PBXContainerItemProxy */;
		};
/* End PBXTargetDependency section */

/* Begin PBXVariantGroup section */
		FA6052562A5D742300B02BA7 /* LaunchScreen.storyboard */ = {
			isa = PBXVariantGroup;
			children = (
				FA6052572A5D742300B02BA7 /* Base */,
				FADCB9322A5F165300787525 /* zh-HK */,
				FADCB9332A5F165B00787525 /* zh-Hans */,
				FADCB9342A5F169500787525 /* en-AU */,
			);
			name = LaunchScreen.storyboard;
			sourceTree = "<group>";
		};
		FADCB9392A5F17DE00787525 /* Localizable.strings */ = {
			isa = PBXVariantGroup;
			children = (
				FADCB9382A5F17DE00787525 /* zh-HK */,
				FADCB93A2A5F17E700787525 /* en */,
				FADCB93B2A5F17E800787525 /* zh-Hans */,
				FADCB93C2A5F17E900787525 /* en-AU */,
			);
			name = Localizable.strings;
			sourceTree = "<group>";
		};
/* End PBXVariantGroup section */

/* Begin XCBuildConfiguration section */
		FA6052702A5D742300B02BA7 /* Debug */ = {
			isa = XCBuildConfiguration;
			buildSettings = {
				ALWAYS_SEARCH_USER_PATHS = NO;
				CLANG_ANALYZER_LOCALIZABILITY_NONLOCALIZED = YES;
				CLANG_ANALYZER_NONNULL = YES;
				CLANG_ANALYZER_NUMBER_OBJECT_CONVERSION = YES_AGGRESSIVE;
				CLANG_CXX_LANGUAGE_STANDARD = "gnu++20";
				CLANG_ENABLE_MODULES = YES;
				CLANG_ENABLE_OBJC_ARC = YES;
				CLANG_ENABLE_OBJC_WEAK = YES;
				CLANG_WARN_BLOCK_CAPTURE_AUTORELEASING = YES;
				CLANG_WARN_BOOL_CONVERSION = YES;
				CLANG_WARN_COMMA = YES;
				CLANG_WARN_CONSTANT_CONVERSION = YES;
				CLANG_WARN_DEPRECATED_OBJC_IMPLEMENTATIONS = YES;
				CLANG_WARN_DIRECT_OBJC_ISA_USAGE = YES_ERROR;
				CLANG_WARN_DOCUMENTATION_COMMENTS = YES;
				CLANG_WARN_EMPTY_BODY = YES;
				CLANG_WARN_ENUM_CONVERSION = YES;
				CLANG_WARN_INFINITE_RECURSION = YES;
				CLANG_WARN_INT_CONVERSION = YES;
				CLANG_WARN_NON_LITERAL_NULL_CONVERSION = YES;
				CLANG_WARN_OBJC_IMPLICIT_RETAIN_SELF = YES;
				CLANG_WARN_OBJC_LITERAL_CONVERSION = YES;
				CLANG_WARN_OBJC_ROOT_CLASS = YES_ERROR;
				CLANG_WARN_QUOTED_INCLUDE_IN_FRAMEWORK_HEADER = YES;
				CLANG_WARN_RANGE_LOOP_ANALYSIS = YES;
				CLANG_WARN_STRICT_PROTOTYPES = YES;
				CLANG_WARN_SUSPICIOUS_MOVE = YES;
				CLANG_WARN_UNGUARDED_AVAILABILITY = YES_AGGRESSIVE;
				CLANG_WARN_UNREACHABLE_CODE = YES;
				CLANG_WARN__DUPLICATE_METHOD_MATCH = YES;
				COPY_PHASE_STRIP = NO;
				DEBUG_INFORMATION_FORMAT = dwarf;
				ENABLE_STRICT_OBJC_MSGSEND = YES;
				ENABLE_TESTABILITY = YES;
				GCC_C_LANGUAGE_STANDARD = gnu11;
				GCC_DYNAMIC_NO_PIC = NO;
				GCC_NO_COMMON_BLOCKS = YES;
				GCC_OPTIMIZATION_LEVEL = 0;
				GCC_PREPROCESSOR_DEFINITIONS = (
					"DEBUG=1",
					"$(inherited)",
				);
				GCC_WARN_64_TO_32_BIT_CONVERSION = YES;
				GCC_WARN_ABOUT_RETURN_TYPE = YES_ERROR;
				GCC_WARN_UNDECLARED_SELECTOR = YES;
				GCC_WARN_UNINITIALIZED_AUTOS = YES_AGGRESSIVE;
				GCC_WARN_UNUSED_FUNCTION = YES;
				GCC_WARN_UNUSED_VARIABLE = YES;
				IPHONEOS_DEPLOYMENT_TARGET = 13.0;
				MTL_ENABLE_DEBUG_INFO = INCLUDE_SOURCE;
				MTL_FAST_MATH = YES;
				ONLY_ACTIVE_ARCH = YES;
				SDKROOT = iphoneos;
				SWIFT_ACTIVE_COMPILATION_CONDITIONS = DEBUG;
				SWIFT_OPTIMIZATION_LEVEL = "-Onone";
			};
			name = Debug;
		};
		FA6052712A5D742300B02BA7 /* Release */ = {
			isa = XCBuildConfiguration;
			buildSettings = {
				ALWAYS_SEARCH_USER_PATHS = NO;
				CLANG_ANALYZER_LOCALIZABILITY_NONLOCALIZED = YES;
				CLANG_ANALYZER_NONNULL = YES;
				CLANG_ANALYZER_NUMBER_OBJECT_CONVERSION = YES_AGGRESSIVE;
				CLANG_CXX_LANGUAGE_STANDARD = "gnu++20";
				CLANG_ENABLE_MODULES = YES;
				CLANG_ENABLE_OBJC_ARC = YES;
				CLANG_ENABLE_OBJC_WEAK = YES;
				CLANG_WARN_BLOCK_CAPTURE_AUTORELEASING = YES;
				CLANG_WARN_BOOL_CONVERSION = YES;
				CLANG_WARN_COMMA = YES;
				CLANG_WARN_CONSTANT_CONVERSION = YES;
				CLANG_WARN_DEPRECATED_OBJC_IMPLEMENTATIONS = YES;
				CLANG_WARN_DIRECT_OBJC_ISA_USAGE = YES_ERROR;
				CLANG_WARN_DOCUMENTATION_COMMENTS = YES;
				CLANG_WARN_EMPTY_BODY = YES;
				CLANG_WARN_ENUM_CONVERSION = YES;
				CLANG_WARN_INFINITE_RECURSION = YES;
				CLANG_WARN_INT_CONVERSION = YES;
				CLANG_WARN_NON_LITERAL_NULL_CONVERSION = YES;
				CLANG_WARN_OBJC_IMPLICIT_RETAIN_SELF = YES;
				CLANG_WARN_OBJC_LITERAL_CONVERSION = YES;
				CLANG_WARN_OBJC_ROOT_CLASS = YES_ERROR;
				CLANG_WARN_QUOTED_INCLUDE_IN_FRAMEWORK_HEADER = YES;
				CLANG_WARN_RANGE_LOOP_ANALYSIS = YES;
				CLANG_WARN_STRICT_PROTOTYPES = YES;
				CLANG_WARN_SUSPICIOUS_MOVE = YES;
				CLANG_WARN_UNGUARDED_AVAILABILITY = YES_AGGRESSIVE;
				CLANG_WARN_UNREACHABLE_CODE = YES;
				CLANG_WARN__DUPLICATE_METHOD_MATCH = YES;
				COPY_PHASE_STRIP = NO;
				DEBUG_INFORMATION_FORMAT = "dwarf-with-dsym";
				ENABLE_NS_ASSERTIONS = NO;
				ENABLE_STRICT_OBJC_MSGSEND = YES;
				GCC_C_LANGUAGE_STANDARD = gnu11;
				GCC_NO_COMMON_BLOCKS = YES;
				GCC_WARN_64_TO_32_BIT_CONVERSION = YES;
				GCC_WARN_ABOUT_RETURN_TYPE = YES_ERROR;
				GCC_WARN_UNDECLARED_SELECTOR = YES;
				GCC_WARN_UNINITIALIZED_AUTOS = YES_AGGRESSIVE;
				GCC_WARN_UNUSED_FUNCTION = YES;
				GCC_WARN_UNUSED_VARIABLE = YES;
				IPHONEOS_DEPLOYMENT_TARGET = 13.0;
				MTL_ENABLE_DEBUG_INFO = NO;
				MTL_FAST_MATH = YES;
				SDKROOT = iphoneos;
				SWIFT_COMPILATION_MODE = wholemodule;
				SWIFT_OPTIMIZATION_LEVEL = "-O";
				VALIDATE_PRODUCT = YES;
			};
			name = Release;
		};
		FA6052732A5D742300B02BA7 /* Debug */ = {
			isa = XCBuildConfiguration;
			buildSettings = {
				ASSETCATALOG_COMPILER_APPICON_NAME = AppIcon;
				ASSETCATALOG_COMPILER_GLOBAL_ACCENT_COLOR_NAME = AccentColor;
				CODE_SIGN_STYLE = Automatic;
				CURRENT_PROJECT_VERSION = 1;
				GENERATE_INFOPLIST_FILE = YES;
				INFOPLIST_FILE = CodeTest/Info.plist;
				INFOPLIST_KEY_UIApplicationSupportsIndirectInputEvents = YES;
				INFOPLIST_KEY_UILaunchStoryboardName = LaunchScreen;
				INFOPLIST_KEY_UISupportedInterfaceOrientations_iPad = "UIInterfaceOrientationPortrait UIInterfaceOrientationPortraitUpsideDown UIInterfaceOrientationLandscapeLeft UIInterfaceOrientationLandscapeRight";
				INFOPLIST_KEY_UISupportedInterfaceOrientations_iPhone = "UIInterfaceOrientationPortrait UIInterfaceOrientationLandscapeLeft UIInterfaceOrientationLandscapeRight";
				IPHONEOS_DEPLOYMENT_TARGET = 13.0;
				LD_RUNPATH_SEARCH_PATHS = (
					"$(inherited)",
					"@executable_path/Frameworks",
				);
				MARKETING_VERSION = 1.0;
				PRODUCT_BUNDLE_IDENTIFIER = com.alexxiao.CodeTest;
				PRODUCT_NAME = "$(TARGET_NAME)";
				SWIFT_EMIT_LOC_STRINGS = YES;
				SWIFT_VERSION = 5.0;
				TARGETED_DEVICE_FAMILY = "1,2";
			};
			name = Debug;
		};
		FA6052742A5D742300B02BA7 /* Release */ = {
			isa = XCBuildConfiguration;
			buildSettings = {
				ASSETCATALOG_COMPILER_APPICON_NAME = AppIcon;
				ASSETCATALOG_COMPILER_GLOBAL_ACCENT_COLOR_NAME = AccentColor;
				CODE_SIGN_STYLE = Automatic;
				CURRENT_PROJECT_VERSION = 1;
				GENERATE_INFOPLIST_FILE = YES;
				INFOPLIST_FILE = CodeTest/Info.plist;
				INFOPLIST_KEY_UIApplicationSupportsIndirectInputEvents = YES;
				INFOPLIST_KEY_UILaunchStoryboardName = LaunchScreen;
				INFOPLIST_KEY_UISupportedInterfaceOrientations_iPad = "UIInterfaceOrientationPortrait UIInterfaceOrientationPortraitUpsideDown UIInterfaceOrientationLandscapeLeft UIInterfaceOrientationLandscapeRight";
				INFOPLIST_KEY_UISupportedInterfaceOrientations_iPhone = "UIInterfaceOrientationPortrait UIInterfaceOrientationLandscapeLeft UIInterfaceOrientationLandscapeRight";
				IPHONEOS_DEPLOYMENT_TARGET = 13.0;
				LD_RUNPATH_SEARCH_PATHS = (
					"$(inherited)",
					"@executable_path/Frameworks",
				);
				MARKETING_VERSION = 1.0;
				PRODUCT_BUNDLE_IDENTIFIER = com.alexxiao.CodeTest;
				PRODUCT_NAME = "$(TARGET_NAME)";
				SWIFT_EMIT_LOC_STRINGS = YES;
				SWIFT_VERSION = 5.0;
				TARGETED_DEVICE_FAMILY = "1,2";
			};
			name = Release;
		};
		FA6052762A5D742300B02BA7 /* Debug */ = {
			isa = XCBuildConfiguration;
			buildSettings = {
				ALWAYS_EMBED_SWIFT_STANDARD_LIBRARIES = YES;
				BUNDLE_LOADER = "$(TEST_HOST)";
				CODE_SIGN_STYLE = Automatic;
				CURRENT_PROJECT_VERSION = 1;
				GENERATE_INFOPLIST_FILE = YES;
				IPHONEOS_DEPLOYMENT_TARGET = 16.2;
				MARKETING_VERSION = 1.0;
				PRODUCT_BUNDLE_IDENTIFIER = com.alexxiao.CodeTestTests;
				PRODUCT_NAME = "$(TARGET_NAME)";
				SWIFT_EMIT_LOC_STRINGS = NO;
				SWIFT_VERSION = 5.0;
				TARGETED_DEVICE_FAMILY = "1,2";
				TEST_HOST = "$(BUILT_PRODUCTS_DIR)/CodeTest.app/$(BUNDLE_EXECUTABLE_FOLDER_PATH)/CodeTest";
			};
			name = Debug;
		};
		FA6052772A5D742300B02BA7 /* Release */ = {
			isa = XCBuildConfiguration;
			buildSettings = {
				ALWAYS_EMBED_SWIFT_STANDARD_LIBRARIES = YES;
				BUNDLE_LOADER = "$(TEST_HOST)";
				CODE_SIGN_STYLE = Automatic;
				CURRENT_PROJECT_VERSION = 1;
				GENERATE_INFOPLIST_FILE = YES;
				IPHONEOS_DEPLOYMENT_TARGET = 16.2;
				MARKETING_VERSION = 1.0;
				PRODUCT_BUNDLE_IDENTIFIER = com.alexxiao.CodeTestTests;
				PRODUCT_NAME = "$(TARGET_NAME)";
				SWIFT_EMIT_LOC_STRINGS = NO;
				SWIFT_VERSION = 5.0;
				TARGETED_DEVICE_FAMILY = "1,2";
				TEST_HOST = "$(BUILT_PRODUCTS_DIR)/CodeTest.app/$(BUNDLE_EXECUTABLE_FOLDER_PATH)/CodeTest";
			};
			name = Release;
		};
		FA6052792A5D742300B02BA7 /* Debug */ = {
			isa = XCBuildConfiguration;
			buildSettings = {
				ALWAYS_EMBED_SWIFT_STANDARD_LIBRARIES = YES;
				CODE_SIGN_STYLE = Automatic;
				CURRENT_PROJECT_VERSION = 1;
				GENERATE_INFOPLIST_FILE = YES;
				MARKETING_VERSION = 1.0;
				PRODUCT_BUNDLE_IDENTIFIER = com.alexxiao.CodeTestUITests;
				PRODUCT_NAME = "$(TARGET_NAME)";
				SWIFT_EMIT_LOC_STRINGS = NO;
				SWIFT_VERSION = 5.0;
				TARGETED_DEVICE_FAMILY = "1,2";
				TEST_TARGET_NAME = CodeTest;
			};
			name = Debug;
		};
		FA60527A2A5D742300B02BA7 /* Release */ = {
			isa = XCBuildConfiguration;
			buildSettings = {
				ALWAYS_EMBED_SWIFT_STANDARD_LIBRARIES = YES;
				CODE_SIGN_STYLE = Automatic;
				CURRENT_PROJECT_VERSION = 1;
				GENERATE_INFOPLIST_FILE = YES;
				MARKETING_VERSION = 1.0;
				PRODUCT_BUNDLE_IDENTIFIER = com.alexxiao.CodeTestUITests;
				PRODUCT_NAME = "$(TARGET_NAME)";
				SWIFT_EMIT_LOC_STRINGS = NO;
				SWIFT_VERSION = 5.0;
				TARGETED_DEVICE_FAMILY = "1,2";
				TEST_TARGET_NAME = CodeTest;
			};
			name = Release;
		};
/* End XCBuildConfiguration section */

/* Begin XCConfigurationList section */
		FA6052432A5D742100B02BA7 /* Build configuration list for PBXProject "CodeTest" */ = {
			isa = XCConfigurationList;
			buildConfigurations = (
				FA6052702A5D742300B02BA7 /* Debug */,
				FA6052712A5D742300B02BA7 /* Release */,
			);
			defaultConfigurationIsVisible = 0;
			defaultConfigurationName = Release;
		};
		FA6052722A5D742300B02BA7 /* Build configuration list for PBXNativeTarget "CodeTest" */ = {
			isa = XCConfigurationList;
			buildConfigurations = (
				FA6052732A5D742300B02BA7 /* Debug */,
				FA6052742A5D742300B02BA7 /* Release */,
			);
			defaultConfigurationIsVisible = 0;
			defaultConfigurationName = Release;
		};
		FA6052752A5D742300B02BA7 /* Build configuration list for PBXNativeTarget "CodeTestTests" */ = {
			isa = XCConfigurationList;
			buildConfigurations = (
				FA6052762A5D742300B02BA7 /* Debug */,
				FA6052772A5D742300B02BA7 /* Release */,
			);
			defaultConfigurationIsVisible = 0;
			defaultConfigurationName = Release;
		};
		FA6052782A5D742300B02BA7 /* Build configuration list for PBXNativeTarget "CodeTestUITests" */ = {
			isa = XCConfigurationList;
			buildConfigurations = (
				FA6052792A5D742300B02BA7 /* Debug */,
				FA60527A2A5D742300B02BA7 /* Release */,
			);
			defaultConfigurationIsVisible = 0;
			defaultConfigurationName = Release;
		};
/* End XCConfigurationList section */

/* Begin XCRemoteSwiftPackageReference section */
		FA60527D2A5E47E000B02BA7 /* XCRemoteSwiftPackageReference "SnapKit" */ = {
			isa = XCRemoteSwiftPackageReference;
			repositoryURL = "https://github.com/SnapKit/SnapKit.git";
			requirement = {
				kind = upToNextMajorVersion;
				minimumVersion = 5.0.0;
			};
		};
		FA6052952A5E846500B02BA7 /* XCRemoteSwiftPackageReference "RxSwift" */ = {
			isa = XCRemoteSwiftPackageReference;
			repositoryURL = "https://github.com/ReactiveX/RxSwift.git";
			requirement = {
				kind = upToNextMajorVersion;
				minimumVersion = 6.0.0;
			};
		};
		FADCB91D2A5E914200787525 /* XCRemoteSwiftPackageReference "ProgressHUD" */ = {
			isa = XCRemoteSwiftPackageReference;
			repositoryURL = "https://github.com/relatedcode/ProgressHUD.git";
			requirement = {
				kind = upToNextMajorVersion;
				minimumVersion = 13.0.0;
			};
		};
		FADCB9262A5E9BF600787525 /* XCRemoteSwiftPackageReference "MJRefresh" */ = {
			isa = XCRemoteSwiftPackageReference;
			repositoryURL = "https://github.com/CoderMJLee/MJRefresh.git";
			requirement = {
				kind = upToNextMajorVersion;
				minimumVersion = 3.0.0;
			};
		};
		FADCB9292A5EB17C00787525 /* XCRemoteSwiftPackageReference "Alamofire" */ = {
			isa = XCRemoteSwiftPackageReference;
			repositoryURL = "https://github.com/Alamofire/Alamofire.git";
			requirement = {
				kind = upToNextMajorVersion;
				minimumVersion = 5.0.0;
			};
		};
		FADCB92C2A5EF69C00787525 /* XCRemoteSwiftPackageReference "Kingfisher" */ = {
			isa = XCRemoteSwiftPackageReference;
			repositoryURL = "https://github.com/onevcat/Kingfisher.git";
			requirement = {
				kind = upToNextMajorVersion;
				minimumVersion = 7.0.0;
			};
		};
		FADCB92F2A5F092200787525 /* XCRemoteSwiftPackageReference "RxGesture" */ = {
			isa = XCRemoteSwiftPackageReference;
			repositoryURL = "https://github.com/RxSwiftCommunity/RxGesture.git";
			requirement = {
				kind = upToNextMajorVersion;
				minimumVersion = 4.0.0;
			};
		};
/* End XCRemoteSwiftPackageReference section */

/* Begin XCSwiftPackageProductDependency section */
		FA60527E2A5E47E000B02BA7 /* SnapKit */ = {
			isa = XCSwiftPackageProductDependency;
			package = FA60527D2A5E47E000B02BA7 /* XCRemoteSwiftPackageReference "SnapKit" */;
			productName = SnapKit;
		};
		FA6052962A5E846500B02BA7 /* RxCocoa */ = {
			isa = XCSwiftPackageProductDependency;
			package = FA6052952A5E846500B02BA7 /* XCRemoteSwiftPackageReference "RxSwift" */;
			productName = RxCocoa;
		};
		FA6052982A5E846500B02BA7 /* RxSwift */ = {
			isa = XCSwiftPackageProductDependency;
			package = FA6052952A5E846500B02BA7 /* XCRemoteSwiftPackageReference "RxSwift" */;
			productName = RxSwift;
		};
		FADCB91E2A5E914200787525 /* ProgressHUD */ = {
			isa = XCSwiftPackageProductDependency;
			package = FADCB91D2A5E914200787525 /* XCRemoteSwiftPackageReference "ProgressHUD" */;
			productName = ProgressHUD;
		};
		FADCB9272A5E9BF600787525 /* MJRefresh */ = {
			isa = XCSwiftPackageProductDependency;
			package = FADCB9262A5E9BF600787525 /* XCRemoteSwiftPackageReference "MJRefresh" */;
			productName = MJRefresh;
		};
		FADCB92A2A5EB17C00787525 /* Alamofire */ = {
			isa = XCSwiftPackageProductDependency;
			package = FADCB9292A5EB17C00787525 /* XCRemoteSwiftPackageReference "Alamofire" */;
			productName = Alamofire;
		};
		FADCB92D2A5EF69C00787525 /* Kingfisher */ = {
			isa = XCSwiftPackageProductDependency;
			package = FADCB92C2A5EF69C00787525 /* XCRemoteSwiftPackageReference "Kingfisher" */;
			productName = Kingfisher;
		};
		FADCB9302A5F092200787525 /* RxGesture */ = {
			isa = XCSwiftPackageProductDependency;
			package = FADCB92F2A5F092200787525 /* XCRemoteSwiftPackageReference "RxGesture" */;
			productName = RxGesture;
		};
/* End XCSwiftPackageProductDependency section */
	};
	rootObject = FA6052402A5D742100B02BA7 /* Project object */;
}
